
Microsoft Visual Studio Solution File, Format Version 12.00
# Visual Studio Version 17
VisualStudioVersion = 17.3.32901.215
MinimumVisualStudioVersion = 10.0.40219.1
Project("{FAE04EC0-301F-11D3-BF4B-00C04F79EFBC}") = "yarıçapı", "yarıçapı\yarıçapı.csproj", "{3814D49E-5FF6-45A4-9B16-51981127B1AA}"
EndProject
Global
	GlobalSection(SolutionConfigurationPlatforms) = preSolution
		Debug|Any CPU = Debug|Any CPU
		Release|Any CPU = Release|Any CPU
	EndGlobalSection
	GlobalSection(ProjectConfigurationPlatforms) = postSolution
		{3814D49E-5FF6-45A4-9B16-51981127B1AA}.Debug|Any CPU.ActiveCfg = Debug|Any CPU
		{3814D49E-5FF6-45A4-9B16-51981127B1AA}.Debug|Any CPU.Build.0 = Debug|Any CPU
		{3814D49E-5FF6-45A4-9B16-51981127B1AA}.Release|Any CPU.ActiveCfg = Release|Any CPU
		{3814D49E-5FF6-45A4-9B16-51981127B1AA}.Release|Any CPU.Build.0 = Release|Any CPU
	EndGlobalSection
	GlobalSection(SolutionProperties) = preSolution
		HideSolutionNode = FALSE
	EndGlobalSection
	GlobalSection(ExtensibilityGlobals) = postSolution
		SolutionGuid = {6D2C297F-9052-4FE8-AAF0-3EEA7336C55D}
	EndGlobalSection
EndGlobal
