
Microsoft Visual Studio Solution File, Format Version 12.00
# Visual Studio Version 17
VisualStudioVersion = 17.3.32901.215
MinimumVisualStudioVersion = 10.0.40219.1
Project("{FAE04EC0-301F-11D3-BF4B-00C04F79EFBC}") = "WindowsFormsApp345", "WindowsFormsApp345\WindowsFormsApp345.csproj", "{9BE958E2-D270-49B1-8B3F-C979F8F2C20A}"
EndProject
Global
	GlobalSection(SolutionConfigurationPlatforms) = preSolution
		Debug|Any CPU = Debug|Any CPU
		Release|Any CPU = Release|Any CPU
	EndGlobalSection
	GlobalSection(ProjectConfigurationPlatforms) = postSolution
		{9BE958E2-D270-49B1-8B3F-C979F8F2C20A}.Debug|Any CPU.ActiveCfg = Debug|Any CPU
		{9BE958E2-D270-49B1-8B3F-C979F8F2C20A}.Debug|Any CPU.Build.0 = Debug|Any CPU
		{9BE958E2-D270-49B1-8B3F-C979F8F2C20A}.Release|Any CPU.ActiveCfg = Release|Any CPU
		{9BE958E2-D270-49B1-8B3F-C979F8F2C20A}.Release|Any CPU.Build.0 = Release|Any CPU
	EndGlobalSection
	GlobalSection(SolutionProperties) = preSolution
		HideSolutionNode = FALSE
	EndGlobalSection
	GlobalSection(ExtensibilityGlobals) = postSolution
		SolutionGuid = {3E31AB1B-DDE6-4BFF-9C04-AFF357D498CB}
	EndGlobalSection
EndGlobal
